
Microsoft Visual Studio Solution File, Format Version 12.00
# Visual Studio 2012
Project("{D954291E-2A0B-460D-934E-DC6B0785DB48}") = "LiveChat", "LiveChat\LiveChat.shproj", "{447CB557-81A4-458C-BB7C-BEAE816E8047}"
EndProject
Project("{FAE04EC0-301F-11D3-BF4B-00C04F79EFBC}") = "LiveChat.iOS", "iOS\LiveChat.iOS.csproj", "{2A1BD303-43CC-42A8-9351-0535AA4854B4}"
EndProject
Project("{FAE04EC0-301F-11D3-BF4B-00C04F79EFBC}") = "LiveChat.Droid", "Droid\LiveChat.Droid.csproj", "{70203F0E-DD3A-410F-9A2D-A04885637467}"
EndProject
Global
	GlobalSection(SolutionConfigurationPlatforms) = preSolution
		Debug|iPhoneSimulator = Debug|iPhoneSimulator
		Release|iPhone = Release|iPhone
		Release|iPhoneSimulator = Release|iPhoneSimulator
		Debug|iPhone = Debug|iPhone
		Debug|Any CPU = Debug|Any CPU
		Release|Any CPU = Release|Any CPU
	EndGlobalSection
	GlobalSection(ProjectConfigurationPlatforms) = postSolution
		{2A1BD303-43CC-42A8-9351-0535AA4854B4}.Debug|iPhoneSimulator.ActiveCfg = Debug|iPhoneSimulator
		{2A1BD303-43CC-42A8-9351-0535AA4854B4}.Debug|iPhoneSimulator.Build.0 = Debug|iPhoneSimulator
		{2A1BD303-43CC-42A8-9351-0535AA4854B4}.Release|iPhone.ActiveCfg = Release|iPhone
		{2A1BD303-43CC-42A8-9351-0535AA4854B4}.Release|iPhone.Build.0 = Release|iPhone
		{2A1BD303-43CC-42A8-9351-0535AA4854B4}.Release|iPhoneSimulator.ActiveCfg = Release|iPhoneSimulator
		{2A1BD303-43CC-42A8-9351-0535AA4854B4}.Release|iPhoneSimulator.Build.0 = Release|iPhoneSimulator
		{2A1BD303-43CC-42A8-9351-0535AA4854B4}.Debug|iPhone.ActiveCfg = Debug|iPhone
		{2A1BD303-43CC-42A8-9351-0535AA4854B4}.Debug|iPhone.Build.0 = Debug|iPhone
		{2A1BD303-43CC-42A8-9351-0535AA4854B4}.Debug|Any CPU.ActiveCfg = Debug|iPhoneSimulator
		{2A1BD303-43CC-42A8-9351-0535AA4854B4}.Debug|Any CPU.Build.0 = Debug|iPhoneSimulator
		{2A1BD303-43CC-42A8-9351-0535AA4854B4}.Release|Any CPU.ActiveCfg = Release|iPhone
		{2A1BD303-43CC-42A8-9351-0535AA4854B4}.Release|Any CPU.Build.0 = Release|iPhone
		{70203F0E-DD3A-410F-9A2D-A04885637467}.Debug|iPhoneSimulator.ActiveCfg = Debug|Any CPU
		{70203F0E-DD3A-410F-9A2D-A04885637467}.Debug|iPhoneSimulator.Build.0 = Debug|Any CPU
		{70203F0E-DD3A-410F-9A2D-A04885637467}.Release|iPhone.ActiveCfg = Release|Any CPU
		{70203F0E-DD3A-410F-9A2D-A04885637467}.Release|iPhone.Build.0 = Release|Any CPU
		{70203F0E-DD3A-410F-9A2D-A04885637467}.Release|iPhoneSimulator.ActiveCfg = Release|Any CPU
		{70203F0E-DD3A-410F-9A2D-A04885637467}.Release|iPhoneSimulator.Build.0 = Release|Any CPU
		{70203F0E-DD3A-410F-9A2D-A04885637467}.Debug|iPhone.ActiveCfg = Debug|Any CPU
		{70203F0E-DD3A-410F-9A2D-A04885637467}.Debug|iPhone.Build.0 = Debug|Any CPU
		{70203F0E-DD3A-410F-9A2D-A04885637467}.Debug|Any CPU.ActiveCfg = Debug|Any CPU
		{70203F0E-DD3A-410F-9A2D-A04885637467}.Debug|Any CPU.Build.0 = Debug|Any CPU
		{70203F0E-DD3A-410F-9A2D-A04885637467}.Release|Any CPU.ActiveCfg = Release|Any CPU
		{70203F0E-DD3A-410F-9A2D-A04885637467}.Release|Any CPU.Build.0 = Release|Any CPU
	EndGlobalSection
EndGlobal
